// !$*UTF8*$!
{
	archiveVersion = 1;
	classes = {
	};
	objectVersion = 46;
	objects = {

/* Begin PBXBuildFile section */
		A92A1C7D172D7F25006D8128 /* up.png in Resources */ = {isa = PBXBuildFile; fileRef = A92A1C7B172D7F25006D8128 /* up.png */; };
		A92A1C7E172D7F25006D8128 /* down.png in Resources */ = {isa = PBXBuildFile; fileRef = A92A1C7C172D7F25006D8128 /* down.png */; };
		A93028B11763B1D60072BB86 /* Icon-72.png in Resources */ = {isa = PBXBuildFile; fileRef = A93028A71763B1D60072BB86 /* Icon-72.png */; };
		A93028B21763B1D60072BB86 /* Icon-72@2x.png in Resources */ = {isa = PBXBuildFile; fileRef = A93028A81763B1D60072BB86 /* Icon-72@2x.png */; };
		A93028B31763B1D60072BB86 /* Icon-Small-50.png in Resources */ = {isa = PBXBuildFile; fileRef = A93028A91763B1D60072BB86 /* Icon-Small-50.png */; };
		A93028B41763B1D60072BB86 /* Icon-Small-50@2x.png in Resources */ = {isa = PBXBuildFile; fileRef = A93028AA1763B1D60072BB86 /* Icon-Small-50@2x.png */; };
		A93028B51763B1D60072BB86 /* Icon-Small.png in Resources */ = {isa = PBXBuildFile; fileRef = A93028AB1763B1D60072BB86 /* Icon-Small.png */; };
		A93028B61763B1D60072BB86 /* Icon-Small@2x.png in Resources */ = {isa = PBXBuildFile; fileRef = A93028AC1763B1D60072BB86 /* Icon-Small@2x.png */; };
		A93028B71763B1D60072BB86 /* Icon.png in Resources */ = {isa = PBXBuildFile; fileRef = A93028AD1763B1D60072BB86 /* Icon.png */; };
		A93028B81763B1D60072BB86 /* Icon@2x.png in Resources */ = {isa = PBXBuildFile; fileRef = A93028AE1763B1D60072BB86 /* Icon@2x.png */; };
		A93028B91763B1D60072BB86 /* iTunesArtwork in Resources */ = {isa = PBXBuildFile; fileRef = A93028AF1763B1D60072BB86 /* iTunesArtwork */; };
		A93028BA1763B1D60072BB86 /* iTunesArtwork@2x in Resources */ = {isa = PBXBuildFile; fileRef = A93028B01763B1D60072BB86 /* iTunesArtwork@2x */; };
		A93CD58917346DCB00D73506 /* Icon-72.png in Resources */ = {isa = PBXBuildFile; fileRef = A93CD57F17346DCB00D73506 /* Icon-72.png */; };
		A93CD58A17346DCB00D73506 /* Icon-72@2x.png in Resources */ = {isa = PBXBuildFile; fileRef = A93CD58017346DCB00D73506 /* Icon-72@2x.png */; };
		A93CD58B17346DCB00D73506 /* Icon-Small-50.png in Resources */ = {isa = PBXBuildFile; fileRef = A93CD58117346DCB00D73506 /* Icon-Small-50.png */; };
		A93CD58C17346DCB00D73506 /* Icon-Small-50@2x.png in Resources */ = {isa = PBXBuildFile; fileRef = A93CD58217346DCB00D73506 /* Icon-Small-50@2x.png */; };
		A93CD58D17346DCB00D73506 /* Icon-Small.png in Resources */ = {isa = PBXBuildFile; fileRef = A93CD58317346DCB00D73506 /* Icon-Small.png */; };
		A93CD58E17346DCB00D73506 /* Icon-Small@2x.png in Resources */ = {isa = PBXBuildFile; fileRef = A93CD58417346DCB00D73506 /* Icon-Small@2x.png */; };
		A93CD58F17346DCB00D73506 /* Icon.png in Resources */ = {isa = PBXBuildFile; fileRef = A93CD58517346DCB00D73506 /* Icon.png */; };
		A93CD59017346DCB00D73506 /* Icon@2x.png in Resources */ = {isa = PBXBuildFile; fileRef = A93CD58617346DCB00D73506 /* Icon@2x.png */; };
		A93CD59117346DCB00D73506 /* iTunesArtwork in Resources */ = {isa = PBXBuildFile; fileRef = A93CD58717346DCB00D73506 /* iTunesArtwork */; };
		A93CD59217346DCB00D73506 /* iTunesArtwork@2x in Resources */ = {isa = PBXBuildFile; fileRef = A93CD58817346DCB00D73506 /* iTunesArtwork@2x */; };
		A9587A0817319AA100FD5629 /* rss.xml in Resources */ = {isa = PBXBuildFile; fileRef = A9587A0717319AA100FD5629 /* rss.xml */; };
		A97A25FC174A61FB00B3CEBC /* DramaViewController.m in Sources */ = {isa = PBXBuildFile; fileRef = A97A25FB174A61FB00B3CEBC /* DramaViewController.m */; };
		A9B5586F17368C46001CFDEB /* bad.xml in Resources */ = {isa = PBXBuildFile; fileRef = A9B5586E17368C46001CFDEB /* bad.xml */; };
		A9C5240F1723E77000F8CCDE /* RssParser.m in Sources */ = {isa = PBXBuildFile; fileRef = A9C5240E1723E77000F8CCDE /* RssParser.m */; };
		A9C52417172538E000F8CCDE /* cn.png in Resources */ = {isa = PBXBuildFile; fileRef = A9C52411172538E000F8CCDE /* cn.png */; };
		A9C52418172538E000F8CCDE /* hk.png in Resources */ = {isa = PBXBuildFile; fileRef = A9C52412172538E000F8CCDE /* hk.png */; };
		A9C52419172538E000F8CCDE /* jp.png in Resources */ = {isa = PBXBuildFile; fileRef = A9C52413172538E000F8CCDE /* jp.png */; };
		A9C5241A172538E000F8CCDE /* kr.png in Resources */ = {isa = PBXBuildFile; fileRef = A9C52414172538E000F8CCDE /* kr.png */; };
		A9C5241B172538E000F8CCDE /* sg.png in Resources */ = {isa = PBXBuildFile; fileRef = A9C52415172538E000F8CCDE /* sg.png */; };
		A9C5241C172538E000F8CCDE /* tw.png in Resources */ = {isa = PBXBuildFile; fileRef = A9C52416172538E000F8CCDE /* tw.png */; };
		A9C5242317258EA200F8CCDE /* cn@2x.png in Resources */ = {isa = PBXBuildFile; fileRef = A9C5241D17258EA200F8CCDE /* cn@2x.png */; };
		A9C5242417258EA200F8CCDE /* hk@2x.png in Resources */ = {isa = PBXBuildFile; fileRef = A9C5241E17258EA200F8CCDE /* hk@2x.png */; };
		A9C5242517258EA200F8CCDE /* jp@2x.png in Resources */ = {isa = PBXBuildFile; fileRef = A9C5241F17258EA200F8CCDE /* jp@2x.png */; };
		A9C5242617258EA200F8CCDE /* kr@2x.png in Resources */ = {isa = PBXBuildFile; fileRef = A9C5242017258EA200F8CCDE /* kr@2x.png */; };
		A9C5242717258EA200F8CCDE /* sg@2x.png in Resources */ = {isa = PBXBuildFile; fileRef = A9C5242117258EA200F8CCDE /* sg@2x.png */; };
		A9C5242817258EA200F8CCDE /* tw@2x.png in Resources */ = {isa = PBXBuildFile; fileRef = A9C5242217258EA200F8CCDE /* tw@2x.png */; };
		A9F074641716B1D500605669 /* UIKit.framework in Frameworks */ = {isa = PBXBuildFile; fileRef = A9F074631716B1D500605669 /* UIKit.framework */; };
		A9F074661716B1D500605669 /* Foundation.framework in Frameworks */ = {isa = PBXBuildFile; fileRef = A9F074651716B1D500605669 /* Foundation.framework */; };
		A9F074681716B1D500605669 /* CoreGraphics.framework in Frameworks */ = {isa = PBXBuildFile; fileRef = A9F074671716B1D500605669 /* CoreGraphics.framework */; };
		A9F0746E1716B1D500605669 /* InfoPlist.strings in Resources */ = {isa = PBXBuildFile; fileRef = A9F0746C1716B1D500605669 /* InfoPlist.strings */; };
		A9F074701716B1D500605669 /* main.m in Sources */ = {isa = PBXBuildFile; fileRef = A9F0746F1716B1D500605669 /* main.m */; };
		A9F074741716B1D600605669 /* DramaAppDelegate.m in Sources */ = {isa = PBXBuildFile; fileRef = A9F074731716B1D600605669 /* DramaAppDelegate.m */; };
		A9F074761716B1D600605669 /* Default.png in Resources */ = {isa = PBXBuildFile; fileRef = A9F074751716B1D600605669 /* Default.png */; };
		A9F074781716B1D600605669 /* Default@2x.png in Resources */ = {isa = PBXBuildFile; fileRef = A9F074771716B1D600605669 /* Default@2x.png */; };
		A9F0747A1716B1D600605669 /* Default-568h@2x.png in Resources */ = {isa = PBXBuildFile; fileRef = A9F074791716B1D600605669 /* Default-568h@2x.png */; };
		A9F0747D1716B1D600605669 /* MainStoryboard.storyboard in Resources */ = {isa = PBXBuildFile; fileRef = A9F0747B1716B1D600605669 /* MainStoryboard.storyboard */; };
		A9F074831716B1D600605669 /* DramaDetailViewController.m in Sources */ = {isa = PBXBuildFile; fileRef = A9F074821716B1D600605669 /* DramaDetailViewController.m */; };
		A9F0748B1716B20100605669 /* Episode.m in Sources */ = {isa = PBXBuildFile; fileRef = A9F0748A1716B20100605669 /* Episode.m */; };
		A9F5B5191741506100CBDDDB /* up@2x.png in Resources */ = {isa = PBXBuildFile; fileRef = A9F5B5181741506100CBDDDB /* up@2x.png */; };
		A9F5B51B1741518700CBDDDB /* down@2x.png in Resources */ = {isa = PBXBuildFile; fileRef = A9F5B51A1741518700CBDDDB /* down@2x.png */; };
/* End PBXBuildFile section */

/* Begin PBXFileReference section */
		A92A1C7B172D7F25006D8128 /* up.png */ = {isa = PBXFileReference; lastKnownFileType = image.png; path = up.png; sourceTree = "<group>"; };
		A92A1C7C172D7F25006D8128 /* down.png */ = {isa = PBXFileReference; lastKnownFileType = image.png; path = down.png; sourceTree = "<group>"; };
		A93028A71763B1D60072BB86 /* Icon-72.png */ = {isa = PBXFileReference; lastKnownFileType = image.png; name = "Icon-72.png"; path = "Icons/Icon-72.png"; sourceTree = "<group>"; };
		A93028A81763B1D60072BB86 /* Icon-72@2x.png */ = {isa = PBXFileReference; lastKnownFileType = image.png; name = "Icon-72@2x.png"; path = "Icons/Icon-72@2x.png"; sourceTree = "<group>"; };
		A93028A91763B1D60072BB86 /* Icon-Small-50.png */ = {isa = PBXFileReference; lastKnownFileType = image.png; name = "Icon-Small-50.png"; path = "Icons/Icon-Small-50.png"; sourceTree = "<group>"; };
		A93028AA1763B1D60072BB86 /* Icon-Small-50@2x.png */ = {isa = PBXFileReference; lastKnownFileType = image.png; name = "Icon-Small-50@2x.png"; path = "Icons/Icon-Small-50@2x.png"; sourceTree = "<group>"; };
		A93028AB1763B1D60072BB86 /* Icon-Small.png */ = {isa = PBXFileReference; lastKnownFileType = image.png; name = "Icon-Small.png"; path = "Icons/Icon-Small.png"; sourceTree = "<group>"; };
		A93028AC1763B1D60072BB86 /* Icon-Small@2x.png */ = {isa = PBXFileReference; lastKnownFileType = image.png; name = "Icon-Small@2x.png"; path = "Icons/Icon-Small@2x.png"; sourceTree = "<group>"; };
		A93028AD1763B1D60072BB86 /* Icon.png */ = {isa = PBXFileReference; lastKnownFileType = image.png; name = Icon.png; path = Icons/Icon.png; sourceTree = "<group>"; };
		A93028AE1763B1D60072BB86 /* Icon@2x.png */ = {isa = PBXFileReference; lastKnownFileType = image.png; name = "Icon@2x.png"; path = "Icons/Icon@2x.png"; sourceTree = "<group>"; };
		A93028AF1763B1D60072BB86 /* iTunesArtwork */ = {isa = PBXFileReference; lastKnownFileType = file; name = iTunesArtwork; path = Icons/iTunesArtwork; sourceTree = "<group>"; };
		A93028B01763B1D60072BB86 /* iTunesArtwork@2x */ = {isa = PBXFileReference; lastKnownFileType = file; name = "iTunesArtwork@2x"; path = "Icons/iTunesArtwork@2x"; sourceTree = "<group>"; };
		A93CD57F17346DCB00D73506 /* Icon-72.png */ = {isa = PBXFileReference; lastKnownFileType = image.png; path = "Icon-72.png"; sourceTree = "<group>"; };
		A93CD58017346DCB00D73506 /* Icon-72@2x.png */ = {isa = PBXFileReference; lastKnownFileType = image.png; path = "Icon-72@2x.png"; sourceTree = "<group>"; };
		A93CD58117346DCB00D73506 /* Icon-Small-50.png */ = {isa = PBXFileReference; lastKnownFileType = image.png; path = "Icon-Small-50.png"; sourceTree = "<group>"; };
		A93CD58217346DCB00D73506 /* Icon-Small-50@2x.png */ = {isa = PBXFileReference; lastKnownFileType = image.png; path = "Icon-Small-50@2x.png"; sourceTree = "<group>"; };
		A93CD58317346DCB00D73506 /* Icon-Small.png */ = {isa = PBXFileReference; lastKnownFileType = image.png; path = "Icon-Small.png"; sourceTree = "<group>"; };
		A93CD58417346DCB00D73506 /* Icon-Small@2x.png */ = {isa = PBXFileReference; lastKnownFileType = image.png; path = "Icon-Small@2x.png"; sourceTree = "<group>"; };
		A93CD58517346DCB00D73506 /* Icon.png */ = {isa = PBXFileReference; lastKnownFileType = image.png; path = Icon.png; sourceTree = "<group>"; };
		A93CD58617346DCB00D73506 /* Icon@2x.png */ = {isa = PBXFileReference; lastKnownFileType = image.png; path = "Icon@2x.png"; sourceTree = "<group>"; };
		A93CD58717346DCB00D73506 /* iTunesArtwork */ = {isa = PBXFileReference; lastKnownFileType = text; path = iTunesArtwork; sourceTree = "<group>"; };
		A93CD58817346DCB00D73506 /* iTunesArtwork@2x */ = {isa = PBXFileReference; lastKnownFileType = text; path = "iTunesArtwork@2x"; sourceTree = "<group>"; };
		A9587A0717319AA100FD5629 /* rss.xml */ = {isa = PBXFileReference; fileEncoding = 4; lastKnownFileType = text.xml; path = rss.xml; sourceTree = "<group>"; };
		A97A25FA174A61FB00B3CEBC /* DramaViewController.h */ = {isa = PBXFileReference; fileEncoding = 4; lastKnownFileType = sourcecode.c.h; path = DramaViewController.h; sourceTree = "<group>"; };
		A97A25FB174A61FB00B3CEBC /* DramaViewController.m */ = {isa = PBXFileReference; fileEncoding = 4; lastKnownFileType = sourcecode.c.objc; path = DramaViewController.m; sourceTree = "<group>"; };
		A97A25FD174A784B00B3CEBC /* Base */ = {isa = PBXFileReference; lastKnownFileType = file.storyboard; name = Base; path = Base.lproj/MainStoryboard.storyboard; sourceTree = "<group>"; };
		A97A25FF174A78AA00B3CEBC /* da */ = {isa = PBXFileReference; lastKnownFileType = text.plist.strings; name = da; path = da.lproj/InfoPlist.strings; sourceTree = "<group>"; };
		A97A2600174A7A3B00B3CEBC /* da */ = {isa = PBXFileReference; lastKnownFileType = text.plist.strings; name = da; path = da.lproj/MainStoryboard.strings; sourceTree = "<group>"; };
		A9B5586E17368C46001CFDEB /* bad.xml */ = {isa = PBXFileReference; fileEncoding = 4; lastKnownFileType = text.xml; path = bad.xml; sourceTree = "<group>"; };
		A9C5240D1723E77000F8CCDE /* RssParser.h */ = {isa = PBXFileReference; fileEncoding = 4; lastKnownFileType = sourcecode.c.h; path = RssParser.h; sourceTree = "<group>"; };
		A9C5240E1723E77000F8CCDE /* RssParser.m */ = {isa = PBXFileReference; fileEncoding = 4; lastKnownFileType = sourcecode.c.objc; path = RssParser.m; sourceTree = "<group>"; };
		A9C52411172538E000F8CCDE /* cn.png */ = {isa = PBXFileReference; lastKnownFileType = image.png; path = cn.png; sourceTree = "<group>"; };
		A9C52412172538E000F8CCDE /* hk.png */ = {isa = PBXFileReference; lastKnownFileType = image.png; path = hk.png; sourceTree = "<group>"; };
		A9C52413172538E000F8CCDE /* jp.png */ = {isa = PBXFileReference; lastKnownFileType = image.png; path = jp.png; sourceTree = "<group>"; };
		A9C52414172538E000F8CCDE /* kr.png */ = {isa = PBXFileReference; lastKnownFileType = image.png; path = kr.png; sourceTree = "<group>"; };
		A9C52415172538E000F8CCDE /* sg.png */ = {isa = PBXFileReference; lastKnownFileType = image.png; path = sg.png; sourceTree = "<group>"; };
		A9C52416172538E000F8CCDE /* tw.png */ = {isa = PBXFileReference; lastKnownFileType = image.png; path = tw.png; sourceTree = "<group>"; };
		A9C5241D17258EA200F8CCDE /* cn@2x.png */ = {isa = PBXFileReference; lastKnownFileType = image.png; path = "cn@2x.png"; sourceTree = "<group>"; };
		A9C5241E17258EA200F8CCDE /* hk@2x.png */ = {isa = PBXFileReference; lastKnownFileType = image.png; path = "hk@2x.png"; sourceTree = "<group>"; };
		A9C5241F17258EA200F8CCDE /* jp@2x.png */ = {isa = PBXFileReference; lastKnownFileType = image.png; path = "jp@2x.png"; sourceTree = "<group>"; };
		A9C5242017258EA200F8CCDE /* kr@2x.png */ = {isa = PBXFileReference; lastKnownFileType = image.png; path = "kr@2x.png"; sourceTree = "<group>"; };
		A9C5242117258EA200F8CCDE /* sg@2x.png */ = {isa = PBXFileReference; lastKnownFileType = image.png; path = "sg@2x.png"; sourceTree = "<group>"; };
		A9C5242217258EA200F8CCDE /* tw@2x.png */ = {isa = PBXFileReference; lastKnownFileType = image.png; path = "tw@2x.png"; sourceTree = "<group>"; };
		A9F074601716B1D500605669 /* d-addicts.app */ = {isa = PBXFileReference; explicitFileType = wrapper.application; includeInIndex = 0; path = "d-addicts.app"; sourceTree = BUILT_PRODUCTS_DIR; };
		A9F074631716B1D500605669 /* UIKit.framework */ = {isa = PBXFileReference; lastKnownFileType = wrapper.framework; name = UIKit.framework; path = System/Library/Frameworks/UIKit.framework; sourceTree = SDKROOT; };
		A9F074651716B1D500605669 /* Foundation.framework */ = {isa = PBXFileReference; lastKnownFileType = wrapper.framework; name = Foundation.framework; path = System/Library/Frameworks/Foundation.framework; sourceTree = SDKROOT; };
		A9F074671716B1D500605669 /* CoreGraphics.framework */ = {isa = PBXFileReference; lastKnownFileType = wrapper.framework; name = CoreGraphics.framework; path = System/Library/Frameworks/CoreGraphics.framework; sourceTree = SDKROOT; };
		A9F0746B1716B1D500605669 /* d-addicts-Info.plist */ = {isa = PBXFileReference; lastKnownFileType = text.plist.xml; path = "d-addicts-Info.plist"; sourceTree = "<group>"; };
		A9F0746D1716B1D500605669 /* en */ = {isa = PBXFileReference; lastKnownFileType = text.plist.strings; name = en; path = en.lproj/InfoPlist.strings; sourceTree = "<group>"; };
		A9F0746F1716B1D500605669 /* main.m */ = {isa = PBXFileReference; lastKnownFileType = sourcecode.c.objc; path = main.m; sourceTree = "<group>"; };
		A9F074711716B1D500605669 /* d-addicts-Prefix.pch */ = {isa = PBXFileReference; lastKnownFileType = sourcecode.c.h; path = "d-addicts-Prefix.pch"; sourceTree = "<group>"; };
		A9F074721716B1D500605669 /* DramaAppDelegate.h */ = {isa = PBXFileReference; lastKnownFileType = sourcecode.c.h; path = DramaAppDelegate.h; sourceTree = "<group>"; };
		A9F074731716B1D600605669 /* DramaAppDelegate.m */ = {isa = PBXFileReference; lastKnownFileType = sourcecode.c.objc; path = DramaAppDelegate.m; sourceTree = "<group>"; };
		A9F074751716B1D600605669 /* Default.png */ = {isa = PBXFileReference; lastKnownFileType = image.png; path = Default.png; sourceTree = "<group>"; };
		A9F074771716B1D600605669 /* Default@2x.png */ = {isa = PBXFileReference; lastKnownFileType = image.png; path = "Default@2x.png"; sourceTree = "<group>"; };
		A9F074791716B1D600605669 /* Default-568h@2x.png */ = {isa = PBXFileReference; lastKnownFileType = image.png; path = "Default-568h@2x.png"; sourceTree = "<group>"; };
		A9F074811716B1D600605669 /* DramaDetailViewController.h */ = {isa = PBXFileReference; lastKnownFileType = sourcecode.c.h; path = DramaDetailViewController.h; sourceTree = "<group>"; };
		A9F074821716B1D600605669 /* DramaDetailViewController.m */ = {isa = PBXFileReference; lastKnownFileType = sourcecode.c.objc; path = DramaDetailViewController.m; sourceTree = "<group>"; };
		A9F074891716B20100605669 /* Episode.h */ = {isa = PBXFileReference; fileEncoding = 4; lastKnownFileType = sourcecode.c.h; path = Episode.h; sourceTree = "<group>"; };
		A9F0748A1716B20100605669 /* Episode.m */ = {isa = PBXFileReference; fileEncoding = 4; lastKnownFileType = sourcecode.c.objc; path = Episode.m; sourceTree = "<group>"; };
		A9F5B5181741506100CBDDDB /* up@2x.png */ = {isa = PBXFileReference; lastKnownFileType = image.png; path = "up@2x.png"; sourceTree = "<group>"; };
		A9F5B51A1741518700CBDDDB /* down@2x.png */ = {isa = PBXFileReference; lastKnownFileType = image.png; path = "down@2x.png"; sourceTree = "<group>"; };
/* End PBXFileReference section */

/* Begin PBXFrameworksBuildPhase section */
		A9F0745D1716B1D500605669 /* Frameworks */ = {
			isa = PBXFrameworksBuildPhase;
			buildActionMask = 2147483647;
			files = (
				A9F074641716B1D500605669 /* UIKit.framework in Frameworks */,
				A9F074661716B1D500605669 /* Foundation.framework in Frameworks */,
				A9F074681716B1D500605669 /* CoreGraphics.framework in Frameworks */,
			);
			runOnlyForDeploymentPostprocessing = 0;
		};
/* End PBXFrameworksBuildPhase section */

/* Begin PBXGroup section */
		A93CD59317346F8500D73506 /* Icons */ = {
			isa = PBXGroup;
			children = (
				A93028A71763B1D60072BB86 /* Icon-72.png */,
				A93028A81763B1D60072BB86 /* Icon-72@2x.png */,
				A93028A91763B1D60072BB86 /* Icon-Small-50.png */,
				A93028AA1763B1D60072BB86 /* Icon-Small-50@2x.png */,
				A93028AB1763B1D60072BB86 /* Icon-Small.png */,
				A93028AC1763B1D60072BB86 /* Icon-Small@2x.png */,
				A93028AD1763B1D60072BB86 /* Icon.png */,
				A93028AE1763B1D60072BB86 /* Icon@2x.png */,
				A93028AF1763B1D60072BB86 /* iTunesArtwork */,
				A93028B01763B1D60072BB86 /* iTunesArtwork@2x */,
				A93CD57F17346DCB00D73506 /* Icon-72.png */,
				A93CD58017346DCB00D73506 /* Icon-72@2x.png */,
				A93CD58117346DCB00D73506 /* Icon-Small-50.png */,
				A93CD58217346DCB00D73506 /* Icon-Small-50@2x.png */,
				A93CD58317346DCB00D73506 /* Icon-Small.png */,
				A93CD58417346DCB00D73506 /* Icon-Small@2x.png */,
				A93CD58517346DCB00D73506 /* Icon.png */,
				A93CD58617346DCB00D73506 /* Icon@2x.png */,
				A93CD58717346DCB00D73506 /* iTunesArtwork */,
				A93CD58817346DCB00D73506 /* iTunesArtwork@2x */,
			);
			name = Icons;
			sourceTree = "<group>";
		};
		A9C52410172538E000F8CCDE /* Images */ = {
			isa = PBXGroup;
			children = (
				A92A1C7B172D7F25006D8128 /* up.png */,
				A92A1C7C172D7F25006D8128 /* down.png */,
				A9F5B5181741506100CBDDDB /* up@2x.png */,
				A9F5B51A1741518700CBDDDB /* down@2x.png */,
				A9C5241D17258EA200F8CCDE /* cn@2x.png */,
				A9C5241E17258EA200F8CCDE /* hk@2x.png */,
				A9C5241F17258EA200F8CCDE /* jp@2x.png */,
				A9C5242017258EA200F8CCDE /* kr@2x.png */,
				A9C5242117258EA200F8CCDE /* sg@2x.png */,
				A9C5242217258EA200F8CCDE /* tw@2x.png */,
				A9C52411172538E000F8CCDE /* cn.png */,
				A9C52412172538E000F8CCDE /* hk.png */,
				A9C52413172538E000F8CCDE /* jp.png */,
				A9C52414172538E000F8CCDE /* kr.png */,
				A9C52415172538E000F8CCDE /* sg.png */,
				A9C52416172538E000F8CCDE /* tw.png */,
			);
			path = Images;
			sourceTree = "<group>";
		};
		A9F074571716B1D500605669 = {
			isa = PBXGroup;
			children = (
				A9F074691716B1D500605669 /* d-addicts */,
				A9F074621716B1D500605669 /* Frameworks */,
				A9F074611716B1D500605669 /* Products */,
			);
			sourceTree = "<group>";
		};
		A9F074611716B1D500605669 /* Products */ = {
			isa = PBXGroup;
			children = (
				A9F074601716B1D500605669 /* d-addicts.app */,
			);
			name = Products;
			sourceTree = "<group>";
		};
		A9F074621716B1D500605669 /* Frameworks */ = {
			isa = PBXGroup;
			children = (
				A9F074631716B1D500605669 /* UIKit.framework */,
				A9F074651716B1D500605669 /* Foundation.framework */,
				A9F074671716B1D500605669 /* CoreGraphics.framework */,
			);
			name = Frameworks;
			sourceTree = "<group>";
		};
		A9F074691716B1D500605669 /* d-addicts */ = {
			isa = PBXGroup;
			children = (
				A9F074891716B20100605669 /* Episode.h */,
				A9F0748A1716B20100605669 /* Episode.m */,
				A9C5240D1723E77000F8CCDE /* RssParser.h */,
				A9C5240E1723E77000F8CCDE /* RssParser.m */,
				A9F0747B1716B1D600605669 /* MainStoryboard.storyboard */,
				A97A25FA174A61FB00B3CEBC /* DramaViewController.h */,
				A97A25FB174A61FB00B3CEBC /* DramaViewController.m */,
				A9F074811716B1D600605669 /* DramaDetailViewController.h */,
				A9F074821716B1D600605669 /* DramaDetailViewController.m */,
				A9C52410172538E000F8CCDE /* Images */,
				A9F0746A1716B1D500605669 /* Supporting Files */,
			);
			path = "d-addicts";
			sourceTree = "<group>";
		};
		A9F0746A1716B1D500605669 /* Supporting Files */ = {
			isa = PBXGroup;
			children = (
				A93CD59317346F8500D73506 /* Icons */,
				A9587A0717319AA100FD5629 /* rss.xml */,
				A9B5586E17368C46001CFDEB /* bad.xml */,
				A9F074721716B1D500605669 /* DramaAppDelegate.h */,
				A9F074731716B1D600605669 /* DramaAppDelegate.m */,
				A9F0746B1716B1D500605669 /* d-addicts-Info.plist */,
				A9F0746C1716B1D500605669 /* InfoPlist.strings */,
				A9F0746F1716B1D500605669 /* main.m */,
				A9F074711716B1D500605669 /* d-addicts-Prefix.pch */,
				A9F074751716B1D600605669 /* Default.png */,
				A9F074771716B1D600605669 /* Default@2x.png */,
				A9F074791716B1D600605669 /* Default-568h@2x.png */,
			);
			name = "Supporting Files";
			sourceTree = "<group>";
		};
/* End PBXGroup section */

/* Begin PBXNativeTarget section */
		A9F0745F1716B1D500605669 /* d-addicts */ = {
			isa = PBXNativeTarget;
			buildConfigurationList = A9F074861716B1D600605669 /* Build configuration list for PBXNativeTarget "d-addicts" */;
			buildPhases = (
				A9F0745C1716B1D500605669 /* Sources */,
				A9F0745D1716B1D500605669 /* Frameworks */,
				A9F0745E1716B1D500605669 /* Resources */,
			);
			buildRules = (
			);
			dependencies = (
			);
			name = "d-addicts";
			productName = "d-addicts";
			productReference = A9F074601716B1D500605669 /* d-addicts.app */;
			productType = "com.apple.product-type.application";
		};
/* End PBXNativeTarget section */

/* Begin PBXProject section */
		A9F074581716B1D500605669 /* Project object */ = {
			isa = PBXProject;
			attributes = {
				CLASSPREFIX = Drama;
				LastUpgradeCheck = 0460;
				ORGANIZATIONNAME = "Eigil Hansen";
			};
			buildConfigurationList = A9F0745B1716B1D500605669 /* Build configuration list for PBXProject "d-addicts" */;
			compatibilityVersion = "Xcode 3.2";
			developmentRegion = English;
			hasScannedForEncodings = 0;
			knownRegions = (
				en,
				Base,
				da,
			);
			mainGroup = A9F074571716B1D500605669;
			productRefGroup = A9F074611716B1D500605669 /* Products */;
			projectDirPath = "";
			projectRoot = "";
			targets = (
				A9F0745F1716B1D500605669 /* d-addicts */,
			);
		};
/* End PBXProject section */

/* Begin PBXResourcesBuildPhase section */
		A9F0745E1716B1D500605669 /* Resources */ = {
			isa = PBXResourcesBuildPhase;
			buildActionMask = 2147483647;
			files = (
				A9F0746E1716B1D500605669 /* InfoPlist.strings in Resources */,
				A9F074761716B1D600605669 /* Default.png in Resources */,
				A9F074781716B1D600605669 /* Default@2x.png in Resources */,
				A9F0747A1716B1D600605669 /* Default-568h@2x.png in Resources */,
				A9F0747D1716B1D600605669 /* MainStoryboard.storyboard in Resources */,
				A9C52417172538E000F8CCDE /* cn.png in Resources */,
				A9C52418172538E000F8CCDE /* hk.png in Resources */,
				A9C52419172538E000F8CCDE /* jp.png in Resources */,
				A9C5241A172538E000F8CCDE /* kr.png in Resources */,
				A9C5241B172538E000F8CCDE /* sg.png in Resources */,
				A9C5241C172538E000F8CCDE /* tw.png in Resources */,
				A9C5242317258EA200F8CCDE /* cn@2x.png in Resources */,
				A9C5242417258EA200F8CCDE /* hk@2x.png in Resources */,
				A9C5242517258EA200F8CCDE /* jp@2x.png in Resources */,
				A9C5242617258EA200F8CCDE /* kr@2x.png in Resources */,
				A9C5242717258EA200F8CCDE /* sg@2x.png in Resources */,
				A9C5242817258EA200F8CCDE /* tw@2x.png in Resources */,
				A92A1C7D172D7F25006D8128 /* up.png in Resources */,
				A92A1C7E172D7F25006D8128 /* down.png in Resources */,
				A9587A0817319AA100FD5629 /* rss.xml in Resources */,
				A93CD58917346DCB00D73506 /* Icon-72.png in Resources */,
				A93CD58A17346DCB00D73506 /* Icon-72@2x.png in Resources */,
				A93CD58B17346DCB00D73506 /* Icon-Small-50.png in Resources */,
				A93CD58C17346DCB00D73506 /* Icon-Small-50@2x.png in Resources */,
				A93CD58D17346DCB00D73506 /* Icon-Small.png in Resources */,
				A93CD58E17346DCB00D73506 /* Icon-Small@2x.png in Resources */,
				A93CD58F17346DCB00D73506 /* Icon.png in Resources */,
				A93CD59017346DCB00D73506 /* Icon@2x.png in Resources */,
				A93CD59117346DCB00D73506 /* iTunesArtwork in Resources */,
				A93CD59217346DCB00D73506 /* iTunesArtwork@2x in Resources */,
				A9B5586F17368C46001CFDEB /* bad.xml in Resources */,
				A9F5B5191741506100CBDDDB /* up@2x.png in Resources */,
				A9F5B51B1741518700CBDDDB /* down@2x.png in Resources */,
				A93028B11763B1D60072BB86 /* Icon-72.png in Resources */,
				A93028B21763B1D60072BB86 /* Icon-72@2x.png in Resources */,
				A93028B31763B1D60072BB86 /* Icon-Small-50.png in Resources */,
				A93028B41763B1D60072BB86 /* Icon-Small-50@2x.png in Resources */,
				A93028B51763B1D60072BB86 /* Icon-Small.png in Resources */,
				A93028B61763B1D60072BB86 /* Icon-Small@2x.png in Resources */,
				A93028B71763B1D60072BB86 /* Icon.png in Resources */,
				A93028B81763B1D60072BB86 /* Icon@2x.png in Resources */,
				A93028B91763B1D60072BB86 /* iTunesArtwork in Resources */,
				A93028BA1763B1D60072BB86 /* iTunesArtwork@2x in Resources */,
			);
			runOnlyForDeploymentPostprocessing = 0;
		};
/* End PBXResourcesBuildPhase section */

/* Begin PBXSourcesBuildPhase section */
		A9F0745C1716B1D500605669 /* Sources */ = {
			isa = PBXSourcesBuildPhase;
			buildActionMask = 2147483647;
			files = (
				A9F074701716B1D500605669 /* main.m in Sources */,
				A9F074741716B1D600605669 /* DramaAppDelegate.m in Sources */,
				A9F074831716B1D600605669 /* DramaDetailViewController.m in Sources */,
				A9F0748B1716B20100605669 /* Episode.m in Sources */,
				A9C5240F1723E77000F8CCDE /* RssParser.m in Sources */,
				A97A25FC174A61FB00B3CEBC /* DramaViewController.m in Sources */,
			);
			runOnlyForDeploymentPostprocessing = 0;
		};
/* End PBXSourcesBuildPhase section */

/* Begin PBXVariantGroup section */
		A9F0746C1716B1D500605669 /* InfoPlist.strings */ = {
			isa = PBXVariantGroup;
			children = (
				A9F0746D1716B1D500605669 /* en */,
				A97A25FF174A78AA00B3CEBC /* da */,
			);
			name = InfoPlist.strings;
			sourceTree = "<group>";
		};
		A9F0747B1716B1D600605669 /* MainStoryboard.storyboard */ = {
			isa = PBXVariantGroup;
			children = (
				A97A25FD174A784B00B3CEBC /* Base */,
				A97A2600174A7A3B00B3CEBC /* da */,
			);
			name = MainStoryboard.storyboard;
			sourceTree = "<group>";
		};
/* End PBXVariantGroup section */

/* Begin XCBuildConfiguration section */
		A9F074841716B1D600605669 /* Debug */ = {
			isa = XCBuildConfiguration;
			buildSettings = {
				ALWAYS_SEARCH_USER_PATHS = NO;
				CLANG_CXX_LANGUAGE_STANDARD = "gnu++0x";
				CLANG_CXX_LIBRARY = "libc++";
				CLANG_ENABLE_OBJC_ARC = YES;
				CLANG_WARN_CONSTANT_CONVERSION = YES;
				CLANG_WARN_EMPTY_BODY = YES;
				CLANG_WARN_ENUM_CONVERSION = YES;
				CLANG_WARN_INT_CONVERSION = YES;
				CLANG_WARN__DUPLICATE_METHOD_MATCH = YES;
				"CODE_SIGN_IDENTITY[sdk=iphoneos*]" = "iPhone Developer";
				COPY_PHASE_STRIP = NO;
				GCC_C_LANGUAGE_STANDARD = gnu99;
				GCC_DYNAMIC_NO_PIC = NO;
				GCC_OPTIMIZATION_LEVEL = 0;
				GCC_PREPROCESSOR_DEFINITIONS = (
					"DEBUG=1",
					"$(inherited)",
				);
				GCC_SYMBOLS_PRIVATE_EXTERN = NO;
				GCC_WARN_ABOUT_RETURN_TYPE = YES;
				GCC_WARN_UNINITIALIZED_AUTOS = YES;
				GCC_WARN_UNUSED_VARIABLE = YES;
				IPHONEOS_DEPLOYMENT_TARGET = 6.1;
				ONLY_ACTIVE_ARCH = YES;
				SDKROOT = iphoneos;
			};
			name = Debug;
		};
		A9F074851716B1D600605669 /* Release */ = {
			isa = XCBuildConfiguration;
			buildSettings = {
				ALWAYS_SEARCH_USER_PATHS = NO;
				CLANG_CXX_LANGUAGE_STANDARD = "gnu++0x";
				CLANG_CXX_LIBRARY = "libc++";
				CLANG_ENABLE_OBJC_ARC = YES;
				CLANG_WARN_CONSTANT_CONVERSION = YES;
				CLANG_WARN_EMPTY_BODY = YES;
				CLANG_WARN_ENUM_CONVERSION = YES;
				CLANG_WARN_INT_CONVERSION = YES;
				CLANG_WARN__DUPLICATE_METHOD_MATCH = YES;
				"CODE_SIGN_IDENTITY[sdk=iphoneos*]" = "iPhone Developer";
				COPY_PHASE_STRIP = YES;
				GCC_C_LANGUAGE_STANDARD = gnu99;
				GCC_WARN_ABOUT_RETURN_TYPE = YES;
				GCC_WARN_UNINITIALIZED_AUTOS = YES;
				GCC_WARN_UNUSED_VARIABLE = YES;
				IPHONEOS_DEPLOYMENT_TARGET = 6.1;
				OTHER_CFLAGS = "-DNS_BLOCK_ASSERTIONS=1";
				SDKROOT = iphoneos;
				VALIDATE_PRODUCT = YES;
			};
			name = Release;
		};
		A9F074871716B1D600605669 /* Debug */ = {
			isa = XCBuildConfiguration;
			buildSettings = {
				CODE_SIGN_IDENTITY = "iPhone Developer";
				GCC_PRECOMPILE_PREFIX_HEADER = YES;
				GCC_PREFIX_HEADER = "d-addicts/d-addicts-Prefix.pch";
				INFOPLIST_FILE = "d-addicts/d-addicts-Info.plist";
				PRODUCT_NAME = "$(TARGET_NAME)";
				PROVISIONING_PROFILE = "";
				WRAPPER_EXTENSION = app;
			};
			name = Debug;
		};
		A9F074881716B1D600605669 /* Release */ = {
			isa = XCBuildConfiguration;
			buildSettings = {
				CODE_SIGN_IDENTITY = "iPhone Developer";
				GCC_PRECOMPILE_PREFIX_HEADER = YES;
				GCC_PREFIX_HEADER = "d-addicts/d-addicts-Prefix.pch";
				INFOPLIST_FILE = "d-addicts/d-addicts-Info.plist";
				PRODUCT_NAME = "$(TARGET_NAME)";
				PROVISIONING_PROFILE = "";
				WRAPPER_EXTENSION = app;
			};
			name = Release;
		};
/* End XCBuildConfiguration section */

/* Begin XCConfigurationList section */
		A9F0745B1716B1D500605669 /* Build configuration list for PBXProject "d-addicts" */ = {
			isa = XCConfigurationList;
			buildConfigurations = (
				A9F074841716B1D600605669 /* Debug */,
				A9F074851716B1D600605669 /* Release */,
			);
			defaultConfigurationIsVisible = 0;
			defaultConfigurationName = Release;
		};
		A9F074861716B1D600605669 /* Build configuration list for PBXNativeTarget "d-addicts" */ = {
			isa = XCConfigurationList;
			buildConfigurations = (
				A9F074871716B1D600605669 /* Debug */,
				A9F074881716B1D600605669 /* Release */,
			);
			defaultConfigurationIsVisible = 0;
			defaultConfigurationName = Release;
		};
/* End XCConfigurationList section */
	};
	rootObject = A9F074581716B1D500605669 /* Project object */;
}
